
Microsoft Visual Studio Solution File, Format Version 12.00
# Visual Studio 15
VisualStudioVersion = 15.0.27004.2009
MinimumVisualStudioVersion = 10.0.40219.1
Project("{FAE04EC0-301F-11D3-BF4B-00C04F79EFBC}") = "SimpleLoggerTests", "SimpleLoggerTests\SimpleLoggerTests.csproj", "{E9161988-7D89-48C9-908A-7E85CE1945BB}"
EndProject
Project("{9A19103F-16F7-4668-BE54-9A1E7A4F7556}") = "SimpleLogger", "SimpleLogger\SimpleLogger.csproj", "{57D9FF58-3BF5-4849-896A-FF41D7D1FB67}"
EndProject
Global
	GlobalSection(SolutionConfigurationPlatforms) = preSolution
		Debug|Any CPU = Debug|Any CPU
		Release|Any CPU = Release|Any CPU
	EndGlobalSection
	GlobalSection(ProjectConfigurationPlatforms) = postSolution
		{E9161988-7D89-48C9-908A-7E85CE1945BB}.Debug|Any CPU.ActiveCfg = Debug|Any CPU
		{E9161988-7D89-48C9-908A-7E85CE1945BB}.Debug|Any CPU.Build.0 = Debug|Any CPU
		{E9161988-7D89-48C9-908A-7E85CE1945BB}.Release|Any CPU.ActiveCfg = Release|Any CPU
		{E9161988-7D89-48C9-908A-7E85CE1945BB}.Release|Any CPU.Build.0 = Release|Any CPU
		{57D9FF58-3BF5-4849-896A-FF41D7D1FB67}.Debug|Any CPU.ActiveCfg = Debug|Any CPU
		{57D9FF58-3BF5-4849-896A-FF41D7D1FB67}.Debug|Any CPU.Build.0 = Debug|Any CPU
		{57D9FF58-3BF5-4849-896A-FF41D7D1FB67}.Release|Any CPU.ActiveCfg = Release|Any CPU
		{57D9FF58-3BF5-4849-896A-FF41D7D1FB67}.Release|Any CPU.Build.0 = Release|Any CPU
	EndGlobalSection
	GlobalSection(SolutionProperties) = preSolution
		HideSolutionNode = FALSE
	EndGlobalSection
	GlobalSection(ExtensibilityGlobals) = postSolution
		SolutionGuid = {E18EEA40-5D7A-4AEF-B0E6-A4B7C4DB93C1}
	EndGlobalSection
EndGlobal
